
Microsoft Visual Studio Solution File, Format Version 12.00
# Visual Studio 15
VisualStudioVersion = 15.0.28010.2016
MinimumVisualStudioVersion = 10.0.40219.1
Project("{FAE04EC0-301F-11D3-BF4B-00C04F79EFBC}") = "day7", "day7\day7.csproj", "{7FA7D05A-71B9-4C39-90CB-0027DA81811B}"
EndProject
Global
	GlobalSection(SolutionConfigurationPlatforms) = preSolution
		Debug|Any CPU = Debug|Any CPU
		Release|Any CPU = Release|Any CPU
	EndGlobalSection
	GlobalSection(ProjectConfigurationPlatforms) = postSolution
		{7FA7D05A-71B9-4C39-90CB-0027DA81811B}.Debug|Any CPU.ActiveCfg = Debug|Any CPU
		{7FA7D05A-71B9-4C39-90CB-0027DA81811B}.Debug|Any CPU.Build.0 = Debug|Any CPU
		{7FA7D05A-71B9-4C39-90CB-0027DA81811B}.Release|Any CPU.ActiveCfg = Release|Any CPU
		{7FA7D05A-71B9-4C39-90CB-0027DA81811B}.Release|Any CPU.Build.0 = Release|Any CPU
	EndGlobalSection
	GlobalSection(SolutionProperties) = preSolution
		HideSolutionNode = FALSE
	EndGlobalSection
	GlobalSection(ExtensibilityGlobals) = postSolution
		SolutionGuid = {661CC0D8-5185-4BE1-91CF-E5CA38041C53}
	EndGlobalSection
EndGlobal
